# This file is automatically @generated by Cargo.
# It is not intended for manual editing.
version = 3

[[package]]
name = "json"
version = "0.1.0"
source = "git+https://github.com/Pumahawk/json_rust.git?branch=master#959cc29fb63bb319455b90e6930267aa71b94c61"

[[package]]
name = "json-to-csv"
version = "0.1.0"
dependencies = [
 "json",
]
