# This file is automatically @generated by Cargo.
# It is not intended for manual editing.
version = 3

[[package]]
name = "automa"
version = "0.1.0"
source = "git+https://github.com/Pumahawk/rust-automa.git#94ae2f539f92db9e9f7157fd971aa06fdaf76edc"

[[package]]
name = "json"
version = "0.1.0"
source = "git+https://github.com/Pumahawk/json_rust.git?branch=master#80d249c5ec9219aafc619dea8ab261500ff8e4ad"
dependencies = [
 "automa",
]

[[package]]
name = "json-to-csv"
version = "0.1.0"
dependencies = [
 "json",
]
