# This file is automatically @generated by Cargo.
# It is not intended for manual editing.
version = 3

[[package]]
name = "json"
version = "0.1.0"
source = "git+https://github.com/Pumahawk/json_rust.git?branch=master#bb9af95251269ea9d811c5d3c067e73a7a992c21"

[[package]]
name = "json-to-csv"
version = "0.1.0"
dependencies = [
 "json",
]
